<?xml version="1.0" encoding="utf-8"?>
<Project ToolsVersion="4.0" xmlns="http://schemas.microsoft.com/developer/msbuild/2003">
  <ItemGroup>
    <ClCompile Include="src\auth\network.cpp" />
    <ClCompile Include="src\auth\packetEncryption.cpp" />
    <ClCompile Include="src\auth\requests.cpp" />
    <ClCompile Include="src\backend\backendAnticheat.cpp" />
    <ClCompile Include="src\backend\backendD3D.cpp" />
    <ClCompile Include="src\backend\backendHooking.cpp" />
    <ClCompile Include="src\backend\backendMain.cpp" />
    <ClCompile Include="src\backend\backendNatives.cpp" />
    <ClCompile Include="src\backend\pools\entityPool.cpp" />
    <ClCompile Include="src\backend\pools\objectPool.cpp" />
    <ClCompile Include="src\backend\pools\pedPool.cpp" />
    <ClCompile Include="src\backend\pools\poolManager.cpp" />
    <ClCompile Include="src\backend\pools\vehiclePool.cpp" />
    <ClCompile Include="src\dllmain.cpp" />
    <ClCompile Include="src\menu\menu.cpp" />
    <ClCompile Include="src\menu\options\breakOption.cpp" />
    <ClCompile Include="src\menu\options\buttonOption.cpp" />
    <ClCompile Include="src\menu\options\numberOption.cpp" />
    <ClCompile Include="src\menu\options\option.cpp" />
    <ClCompile Include="src\menu\options\radioOption.cpp" />
    <ClCompile Include="src\menu\options\scrollOption.cpp" />
    <ClCompile Include="src\menu\options\submenuOption.cpp" />
    <ClCompile Include="src\menu\options\toggleOption.cpp" />
    <ClCompile Include="src\menu\renderer.cpp" />
    <ClCompile Include="src\menu\submenu.cpp" />
    <ClCompile Include="src\menu\submenuHandler.cpp" />
    <ClCompile Include="src\menu\submenus\mainMenu.cpp" />
    <ClCompile Include="src\menu\submenus\main\devMenu.cpp" />
    <ClCompile Include="src\menu\submenus\main\miscMenu.cpp" />
    <ClCompile Include="src\menu\submenus\main\misc\hudMenu.cpp" />
    <ClCompile Include="src\menu\submenus\main\misc\particleMenu.cpp" />
    <ClCompile Include="src\menu\submenus\main\misc\particle\particlemanMenu.cpp" />
    <ClCompile Include="src\menu\submenus\main\misc\tvMenu.cpp" />
    <ClCompile Include="src\menu\submenus\main\misc\visionsMenu.cpp" />
    <ClCompile Include="src\menu\submenus\main\networkingMenu.cpp" />
    <ClCompile Include="src\menu\submenus\main\networking\all players\allNetworkPlayersAbusiveMenu.cpp" />
    <ClCompile Include="src\menu\submenus\main\networking\all players\allNetworkPlayersDropMenu.cpp" />
    <ClCompile Include="src\menu\submenus\main\networking\all players\allNetworkPlayersMenu.cpp" />
    <ClCompile Include="src\menu\submenus\main\networking\all players\allNetworkPlayersPeacefulMenu.cpp" />
    <ClCompile Include="src\menu\submenus\main\networking\all players\allNetworkPlayersTeleportMenu.cpp" />
    <ClCompile Include="src\menu\submenus\main\networking\all players\allNetworkPlayersVehicleMenu.cpp" />
    <ClCompile Include="src\menu\submenus\main\networking\all players\allNetworkPlayersVisualsMenu.cpp" />
    <ClCompile Include="src\menu\submenus\main\networking\namechangerMenu.cpp" />
    <ClCompile Include="src\menu\submenus\main\networking\playerList\playerListMenu.cpp" />
    <ClCompile Include="src\menu\submenus\main\networking\playerList\playerMenu\abusive\attachment\NetworkPlayerAbusiveObjectAttachment.cpp" />
    <ClCompile Include="src\menu\submenus\main\networking\playerList\playerMenu\abusive\networkPlayerAbusiveAttachment.cpp" />
    <ClCompile Include="src\menu\submenus\main\networking\playerList\playerMenu\networkPlayerAbusive.cpp" />
    <ClCompile Include="src\menu\submenus\main\networking\playerList\playerMenu\abusive\networkPlayerAbusiveAttackers.cpp" />
    <ClCompile Include="src\menu\submenus\main\networking\playerList\playerMenu\abusive\networkPlayerAbusiveCrash.cpp" />
    <ClCompile Include="src\menu\submenus\main\networking\playerList\playerMenu\abusive\networkPlayerAbusivePTFX.cpp" />
    <ClCompile Include="src\menu\submenus\main\networking\playerList\playerMenu\networkPlayerCoHost.cpp" />
    <ClCompile Include="src\menu\submenus\main\networking\playerList\playerMenu\networkPlayerDrops.cpp" />
    <ClCompile Include="src\menu\submenus\main\networking\playerList\playerMenu\networkPlayerMenu.cpp" />
    <ClCompile Include="src\menu\submenus\main\networking\playerList\playerMenu\networkPlayerPeaceful.cpp" />
    <ClCompile Include="src\menu\submenus\main\networking\playerList\playerMenu\networkPlayerTeleport.cpp" />
    <ClCompile Include="src\menu\submenus\main\networking\playerList\playerMenu\networkPlayerVehicle.cpp" />
    <ClCompile Include="src\menu\submenus\main\networking\playerList\playerMenu\networkPlayerVisuals.cpp" />
    <ClCompile Include="src\menu\submenus\main\networking\playerList\playerMenu\vehicle\networkPlayerVehicleAttachment.cpp" />
    <ClCompile Include="src\menu\submenus\main\networking\protections.cpp" />
    <ClCompile Include="src\menu\submenus\main\networking\recoveryMenu.cpp" />
    <ClCompile Include="src\menu\submenus\main\networking\recovery\recoverymoneyMenu.cpp" />
    <ClCompile Include="src\menu\submenus\main\networking\recovery\recoveryrankMenu.cpp" />
    <ClCompile Include="src\menu\submenus\main\networking\recovery\recoveryunlocksMenu.cpp" />
    <ClCompile Include="src\menu\submenus\main\networking\recovery\recoverywinsMenu.cpp" />
    <ClCompile Include="src\menu\submenus\main\playerMenu.cpp" />
    <ClCompile Include="src\menu\submenus\main\player\playerAnimationMenu.cpp" />
    <ClCompile Include="src\menu\submenus\main\player\playerModelMenu.cpp" />
    <ClCompile Include="src\menu\submenus\main\settingsMenu.cpp" />
    <ClCompile Include="src\menu\submenus\main\settings\colors\settingscustomcolorsMenu.cpp" />
    <ClCompile Include="src\menu\submenus\main\settings\colors\settingsrainbowsMenu.cpp" />
    <ClCompile Include="src\menu\submenus\main\settings\settingscolorsMenu.cpp" />
    <ClCompile Include="src\menu\submenus\main\spawnMenu.cpp" />
    <ClCompile Include="src\menu\submenus\main\spawn\manager\pedmanger\editpedMenu.cpp" />
    <ClCompile Include="src\menu\submenus\main\spawn\manager\selectentityMenu.cpp" />
    <ClCompile Include="src\menu\submenus\main\spawn\manager\vehicleManager\editVehicleMenu.cpp" />
    <ClCompile Include="src\menu\submenus\main\spawn\objectspawnMenu.cpp" />
    <ClCompile Include="src\menu\submenus\main\spawn\objectspawn\constructionobjectsMenu.cpp" />
    <ClCompile Include="src\menu\submenus\main\spawn\objectspawn\natureobjectsMenu.cpp" />
    <ClCompile Include="src\menu\submenus\main\spawn\manager\objectmanger\editobjectMenu.cpp" />
    <ClCompile Include="src\menu\submenus\main\spawn\objectspawn\objectsearchMenu.cpp" />
    <ClCompile Include="src\menu\submenus\main\spawn\objectspawn\stuntobjectsMenu.cpp" />
    <ClCompile Include="src\menu\submenus\main\spawn\objectspawn\transportobjectsMenu.cpp" />
    <ClCompile Include="src\menu\submenus\main\spawn\objectspawn\wallsandfenceobjectsMenu.cpp" />
    <ClCompile Include="src\menu\submenus\main\spawn\pedspawnMenu.cpp" />
    <ClCompile Include="src\menu\submenus\main\spawn\vehicleSpawnMenu.cpp" />
    <ClCompile Include="src\menu\submenus\main\spawn\vehicle\vehicleSpawnSettings.cpp" />
    <ClCompile Include="src\menu\submenus\main\teleportationMenu.cpp" />
    <ClCompile Include="src\menu\submenus\main\teleportation\glitchlocationMenu.cpp" />
    <ClCompile Include="src\menu\submenus\main\teleportation\indoorlocationsMenu.cpp" />
    <ClCompile Include="src\menu\submenus\main\teleportation\landmarklocationsMenu.cpp" />
    <ClCompile Include="src\menu\submenus\main\teleportation\mainlocationsMenu.cpp" />
    <ClCompile Include="src\menu\submenus\main\teleportation\singleplayerlocationsMenu.cpp" />
    <ClCompile Include="src\menu\submenus\main\teleportation\underwaterlocationsMenu.cpp" />
    <ClCompile Include="src\menu\submenus\main\vehicleMenu.cpp" />
    <ClCompile Include="src\menu\submenus\main\vehicle\LSCMenu.cpp" />
    <ClCompile Include="src\menu\submenus\main\vehicle\LSC\respray\resprayprimaryMenu.cpp" />
    <ClCompile Include="src\menu\submenus\main\vehicle\LSC\respray\respraysecondaryMenu.cpp" />
    <ClCompile Include="src\menu\submenus\main\vehicle\LSC\vehiclechassisMenu.cpp" />
    <ClCompile Include="src\menu\submenus\main\vehicle\LSC\vehiclearmourMenu.cpp" />
    <ClCompile Include="src\menu\submenus\main\vehicle\LSC\vehiclebreaksMenu.cpp" />
    <ClCompile Include="src\menu\submenus\main\vehicle\LSC\vehiclebumperMenu.cpp" />
    <ClCompile Include="src\menu\submenus\main\vehicle\LSC\vehicleengineMenu.cpp" />
    <ClCompile Include="src\menu\submenus\main\vehicle\LSC\vehicleexhaustMenu.cpp" />
    <ClCompile Include="src\menu\submenus\main\vehicle\LSC\vehiclefenderMenu.cpp" />
    <ClCompile Include="src\menu\submenus\main\vehicle\LSC\vehiclegrilleMenu.cpp" />
    <ClCompile Include="src\menu\submenus\main\vehicle\LSC\vehicleheadlightsMenu.cpp" />
    <ClCompile Include="src\menu\submenus\main\vehicle\LSC\vehicleplateMenu.cpp" />
    <ClCompile Include="src\menu\submenus\main\vehicle\LSC\vehicleresprayMenu.cpp" />
    <ClCompile Include="src\menu\submenus\main\vehicle\LSC\vehiclesideskirtMenu.cpp" />
    <ClCompile Include="src\menu\submenus\main\vehicle\LSC\vehiclespoilerMenu.cpp" />
    <ClCompile Include="src\menu\submenus\main\vehicle\LSC\vehiclesuspensionMenu.cpp" />
    <ClCompile Include="src\menu\submenus\main\vehicle\LSC\vehicletyresmokeMenu.cpp" />
    <ClCompile Include="src\menu\submenus\main\vehicle\LSC\vehicletransmissionMenu.cpp" />
    <ClCompile Include="src\menu\submenus\main\vehicle\LSC\vehicleturboMenu.cpp" />
    <ClCompile Include="src\menu\submenus\main\vehicle\LSC\vehiclewindowtintMenu.cpp" />
    <ClCompile Include="src\menu\submenus\main\vehicle\modsMenu.cpp" />
    <ClCompile Include="src\menu\submenus\main\vehicle\mods\acrobaticsMenu.cpp" />
    <ClCompile Include="src\menu\submenus\main\vehicle\mods\bindsMenu.cpp" />
    <ClCompile Include="src\menu\submenus\main\vehicle\mods\rainbowpaintMenu.cpp" />
    <ClCompile Include="src\menu\submenus\main\vehicle\mods\rampcreatorMenu.cpp" />
    <ClCompile Include="src\menu\submenus\main\vehicle\mods\vehicleparticlesMenu.cpp" />
    <ClCompile Include="src\menu\submenus\main\vehicle\mods\weaponsMenu.cpp" />
    <ClCompile Include="src\menu\submenus\main\weaponMenu.cpp" />
    <ClCompile Include="src\menu\submenus\main\weapon\aimbotMenu.cpp" />
    <ClCompile Include="src\menu\submenus\main\weapon\bulletImpactChangerMenu.cpp" />
    <ClCompile Include="src\menu\submenus\main\weapon\bulletTravelChangerMenu.cpp" />
    <ClCompile Include="src\menu\submenus\main\weapon\gravitygunMenu.cpp" />
    <ClCompile Include="src\menu\submenus\main\weapon\particlegunMenu.cpp" />
    <ClCompile Include="src\menu\submenus\main\weapon\vehiclegunMenu.cpp" />
    <ClCompile Include="src\menu\submenus\main\worldMenu.cpp" />
    <ClCompile Include="src\menu\submenus\main\world\cloudMenu.cpp" />
    <ClCompile Include="src\menu\submenus\main\world\drawable manager\closestdrawablemanagerMenu.cpp" />
    <ClCompile Include="src\menu\submenus\main\world\drawableManagerMenu.cpp" />
    <ClCompile Include="src\menu\submenus\main\world\entity manager\object manager\closestobjectMenu.cpp" />
    <ClCompile Include="src\menu\submenus\main\world\entity manager\objectmanagerMenu.cpp" />
    <ClCompile Include="src\menu\submenus\main\world\entity manager\pedmanagerMenu.cpp" />
    <ClCompile Include="src\menu\submenus\main\world\entity manager\vehiclemanagerMenu.cpp" />
    <ClCompile Include="src\menu\submenus\main\world\entitymanagerMenu.cpp" />
    <ClCompile Include="src\menu\submenus\main\world\iplMenu.cpp" />
    <ClCompile Include="src\menu\submenus\main\world\timeMenu.cpp" />
    <ClCompile Include="src\menu\submenus\main\world\oceanMenu.cpp" />
    <ClCompile Include="src\menu\submenus\main\world\vacuumMenu.cpp" />
    <ClCompile Include="src\menu\submenus\main\world\weatherMenu.cpp" />
    <ClCompile Include="src\menu\util\entityControl.cpp" />
    <ClCompile Include="src\menu\util\playerManager.cpp" />
    <ClCompile Include="src\menu\util\rainbowManager.cpp" />
    <ClCompile Include="src\natives\crossmap.cpp" />
    <ClCompile Include="src\natives\invoker.cpp" />
    <ClCompile Include="src\security\messenger\messenger.cpp" />
    <ClCompile Include="src\security\metric.cpp" />
    <ClCompile Include="src\security\metrics\metricDebuggerPresent.cpp" />
    <ClCompile Include="src\security\metrics\metricFunctionIntegrity.cpp" />
    <ClCompile Include="src\security\metrics\metricMemoryIntegrity.cpp" />
    <ClCompile Include="src\security\security.cpp" />
    <ClCompile Include="src\stdafx.cpp" />
    <ClCompile Include="src\backend\pools\drawablePool.cpp" />
    <ClCompile Include="src\util\fiberManager.cpp" />
    <ClCompile Include="src\util\fiberPool.cpp" />
    <ClCompile Include="src\util\input\input.cpp" />
    <ClCompile Include="src\util\input\keyboard.cpp" />
    <ClCompile Include="src\util\memory\memory.cpp" />
    <ClCompile Include="src\util\memory\reclass.cpp" />
    <ClCompile Include="src\util\oceanManager.cpp" />
    <ClCompile Include="src\util\sha256.cpp" />
    <ClCompile Include="src\util\threadPool.cpp" />
    <ClCompile Include="src\util\translationString.cpp" />
    <ClCompile Include="src\util\utils.cpp" />
    <ClCompile Include="src\menu\util\infoHandler.cpp" />
    <ClCompile Include="src\menu\util\infoBox.cpp" />
    <ClCompile Include="src\menu\submenus\main\networking\protections\protectioneventsMenu.cpp" />
    <ClCompile Include="src\menu\submenus\main\networking\protections\protectionsentityblockMenu.cpp" />
    <ClCompile Include="src\menu\submenus\main\networking\protections\protectionattachmentMenu.cpp" />
    <ClCompile Include="src\menu\submenus\main\settings\settingslanguagesMenu.cpp" />
    <ClCompile Include="src\util\config.cpp" />
    <ClCompile Include="src\menu\submenus\main\networking\networkingDisplay.cpp" />
    <ClCompile Include="src\menu\submenus\main\networking\networkingOverseer.cpp" />
    <ClCompile Include="src\menu\submenus\main\settings\settingsthemeMenu.cpp" />
    <ClCompile Include="src\menu\submenus\main\spawn\vehicle\vehicleSpawnMenyooMenu.cpp" />
    <ClCompile Include="src\util\pugixml.cpp" />
    <ClCompile Include="src\auth\reg.cpp" />
    <ClCompile Include="src\menu\submenus\main\misc\shvLoaderMenu.cpp" />
    <ClCompile Include="src\menu\submenus\main\networking\all players\Abusive\allNetworkPlayersAbusiveAttachmentsMenu.cpp" />
    <ClCompile Include="src\menu\submenus\main\networking\playerList\playerMenu\networkPlayerVehicleSpawn.cpp" />
    <ClCompile Include="src\menu\util\animations.cpp" />
    <ClCompile Include="src\menu\submenus\main\networking\networkingRIDJoiner.cpp" />
    <ClCompile Include="src\menu\submenus\main\networking\networkingDlcEnabler.cpp" />
    <ClCompile Include="src\menu\submenus\main\spawn\objectspawn\objectmaploaderMenu.cpp" />
    <ClCompile Include="src\menu\submenus\main\player\playerOutfitsMenu.cpp" />
    <ClCompile Include="src\menu\submenus\main\player\outfits\playerOutfitsLoadingMenu.cpp" />
    <ClCompile Include="src\menu\submenus\main\networking\networkingStatSpoofer.cpp" />
    <ClCompile Include="src\menu\submenus\main\vehicle\LSC\vehiclewheelsMenu.cpp" />
    <ClCompile Include="src\backend\d3d\vertexd3d.cpp" />
    <ClCompile Include="src\backend\d3d\dxRenderer.cpp" />
    <ClCompile Include="src\menu\submenus\main\vehicle\LSC\VehicleNeonLightsMenu.cpp" />
  </ItemGroup>
  <ItemGroup>
    <ClInclude Include="src\auth\network.h" />
    <ClInclude Include="src\auth\packetEncryption.h" />
    <ClInclude Include="src\auth\requests.h" />
    <ClInclude Include="src\backend\backendAnticheat.h" />
    <ClInclude Include="src\backend\backendD3D.h" />
    <ClInclude Include="src\backend\backendHooking.h" />
    <ClInclude Include="src\backend\backendMain.h" />
    <ClInclude Include="src\backend\backendNatives.h" />
    <ClInclude Include="src\backend\pools\entityPool.h" />
    <ClInclude Include="src\backend\pools\objectPool.h" />
    <ClInclude Include="src\backend\pools\pedPool.h" />
    <ClInclude Include="src\backend\pools\poolManager.h" />
    <ClInclude Include="src\backend\pools\vehiclePool.h" />
    <ClInclude Include="src\menu\globals.h" />
    <ClInclude Include="src\menu\menu.h" />
    <ClInclude Include="src\menu\options\breakOption.h" />
    <ClInclude Include="src\menu\options\buttonOption.h" />
    <ClInclude Include="src\menu\options\numberOption.h" />
    <ClInclude Include="src\menu\options\option.h" />
    <ClInclude Include="src\menu\options\radioOption.h" />
    <ClInclude Include="src\menu\options\scrollOption.h" />
    <ClInclude Include="src\menu\options\submenuOption.h" />
    <ClInclude Include="src\menu\options\toggleOption.h" />
    <ClInclude Include="src\menu\renderer.h" />
    <ClInclude Include="src\menu\submenu.h" />
    <ClInclude Include="src\menu\submenuHandler.h" />
    <ClInclude Include="src\menu\submenus\mainMenu.h" />
    <ClInclude Include="src\menu\submenus\main\devMenu.h" />
    <ClInclude Include="src\menu\submenus\main\miscMenu.h" />
    <ClInclude Include="src\menu\submenus\main\misc\hudMenu.h" />
    <ClInclude Include="src\menu\submenus\main\misc\particleMenu.h" />
    <ClInclude Include="src\menu\submenus\main\misc\particle\particlemanMenu.h" />
    <ClInclude Include="src\menu\submenus\main\misc\tvMenu.h" />
    <ClInclude Include="src\menu\submenus\main\misc\visionsMenu.h" />
    <ClInclude Include="src\menu\submenus\main\networkingMenu.h" />
    <ClInclude Include="src\menu\submenus\main\networking\all players\allNetworkPlayersAbusiveMenu.h" />
    <ClInclude Include="src\menu\submenus\main\networking\all players\allNetworkPlayersDropMenu.h" />
    <ClInclude Include="src\menu\submenus\main\networking\all players\allNetworkPlayersMenu.h" />
    <ClInclude Include="src\menu\submenus\main\networking\all players\allNetworkPlayersPeacefulMenu.h" />
    <ClInclude Include="src\menu\submenus\main\networking\all players\allNetworkPlayersTeleportMenu.h" />
    <ClInclude Include="src\menu\submenus\main\networking\all players\allNetworkPlayersVehicleMenu.h" />
    <ClInclude Include="src\menu\submenus\main\networking\all players\allNetworkPlayersVisualsMenu.h" />
    <ClInclude Include="src\menu\submenus\main\networking\namechangerMenu.h" />
    <ClInclude Include="src\menu\submenus\main\networking\playerList\playerListMenu.h" />
    <ClInclude Include="src\menu\submenus\main\networking\playerList\playerMenu\abusive\attachment\NetworkPlayerAbusiveObjectAttachment.h" />
    <ClInclude Include="src\menu\submenus\main\networking\playerList\playerMenu\abusive\networkPlayerAbusiveAttachment.h" />
    <ClInclude Include="src\menu\submenus\main\networking\playerList\playerMenu\networkPlayerDrops.h" />
    <ClInclude Include="src\menu\submenus\main\networking\playerList\playerMenu\networkPlayerPeaceful.h" />
    <ClInclude Include="src\menu\submenus\main\networking\playerList\playerMenu\networkPlayerAbusive.h" />
    <ClInclude Include="src\menu\submenus\main\networking\playerList\playerMenu\abusive\networkPlayerAbusiveAttackers.h" />
    <ClInclude Include="src\menu\submenus\main\networking\playerList\playerMenu\abusive\networkPlayerAbusiveCrash.h" />
    <ClInclude Include="src\menu\submenus\main\networking\playerList\playerMenu\abusive\networkPlayerAbusivePTFX.h" />
    <ClInclude Include="src\menu\submenus\main\networking\playerList\playerMenu\networkPlayerCoHost.h" />
    <ClInclude Include="src\menu\submenus\main\networking\playerList\playerMenu\networkPlayerMenu.h" />
    <ClInclude Include="src\menu\submenus\main\networking\playerList\playerMenu\networkPlayerTeleport.h" />
    <ClInclude Include="src\menu\submenus\main\networking\playerList\playerMenu\networkPlayerVehicle.h" />
    <ClInclude Include="src\menu\submenus\main\networking\playerList\playerMenu\networkPlayerVisuals.h" />
    <ClInclude Include="src\menu\submenus\main\networking\playerList\playerMenu\vehicle\networkPlayerVehicleAttachment.h" />
    <ClInclude Include="src\menu\submenus\main\networking\protections.h" />
    <ClInclude Include="src\menu\submenus\main\networking\recoveryMenu.h" />
    <ClInclude Include="src\menu\submenus\main\networking\recovery\recoverymoneyMenu.h" />
    <ClInclude Include="src\menu\submenus\main\networking\recovery\recoveryrankMenu.h" />
    <ClInclude Include="src\menu\submenus\main\networking\recovery\recoveryunlocksMenu.h" />
    <ClInclude Include="src\menu\submenus\main\networking\recovery\recoverywinsMenu.h" />
    <ClInclude Include="src\menu\submenus\main\playerMenu.h" />
    <ClInclude Include="src\menu\submenus\main\player\playerAnimationMenu.h" />
    <ClInclude Include="src\menu\submenus\main\player\playerModelMenu.h" />
    <ClInclude Include="src\menu\submenus\main\settingsMenu.h" />
    <ClInclude Include="src\menu\submenus\main\settings\colors\settingscustomcolorsMenu.h" />
    <ClInclude Include="src\menu\submenus\main\settings\colors\settingsrainbowsMenu.h" />
    <ClInclude Include="src\menu\submenus\main\settings\settingscolorsMenu.h" />
    <ClInclude Include="src\menu\submenus\main\spawnMenu.h" />
    <ClInclude Include="src\menu\submenus\main\spawn\manager\pedmanger\editpedMenu.h" />
    <ClInclude Include="src\menu\submenus\main\spawn\manager\selectentityMenu.h" />
    <ClInclude Include="src\menu\submenus\main\spawn\manager\vehicleManager\editVehicleMenu.h" />
    <ClInclude Include="src\menu\submenus\main\spawn\objectspawnMenu.h" />
    <ClInclude Include="src\menu\submenus\main\spawn\objectspawn\constructionobjectsMenu.h" />
    <ClInclude Include="src\menu\submenus\main\spawn\objectspawn\natureobjectsMenu.h" />
    <ClInclude Include="src\menu\submenus\main\spawn\manager\objectmanger\editobjectMenu.h" />
    <ClInclude Include="src\menu\submenus\main\spawn\objectspawn\objectsearchMenu.h" />
    <ClInclude Include="src\menu\submenus\main\spawn\objectspawn\stuntobjectsMenu.h" />
    <ClInclude Include="src\menu\submenus\main\spawn\objectspawn\transportobjectsMenu.h" />
    <ClInclude Include="src\menu\submenus\main\spawn\objectspawn\wallsandfenceobjectsMenu.h" />
    <ClInclude Include="src\menu\submenus\main\spawn\pedspawnMenu.h" />
    <ClInclude Include="src\menu\submenus\main\spawn\vehicleSpawnMenu.h" />
    <ClInclude Include="src\menu\submenus\main\spawn\vehicle\vehicleSpawnSettings.h" />
    <ClInclude Include="src\menu\submenus\main\teleportationMenu.h" />
    <ClInclude Include="src\menu\submenus\main\teleportation\glitchlocationMenu.h" />
    <ClInclude Include="src\menu\submenus\main\teleportation\indoorlocationsMenu.h" />
    <ClInclude Include="src\menu\submenus\main\teleportation\landmarklocationsMenu.h" />
    <ClInclude Include="src\menu\submenus\main\teleportation\mainlocationsMenu.h" />
    <ClInclude Include="src\menu\submenus\main\teleportation\singleplayerlocationsMenu.h" />
    <ClInclude Include="src\menu\submenus\main\teleportation\underwaterlocationsMenu.h" />
    <ClInclude Include="src\menu\submenus\main\vehicleMenu.h" />
    <ClInclude Include="src\menu\submenus\main\vehicle\LSCMenu.h" />
    <ClInclude Include="src\menu\submenus\main\vehicle\LSC\respray\resprayprimaryMenu.h" />
    <ClInclude Include="src\menu\submenus\main\vehicle\LSC\respray\respraysecondaryMenu.h" />
    <ClInclude Include="src\menu\submenus\main\vehicle\LSC\vehiclechassisMenu.h" />
    <ClInclude Include="src\menu\submenus\main\vehicle\LSC\vehiclearmourMenu.h" />
    <ClInclude Include="src\menu\submenus\main\vehicle\LSC\vehiclebreaksMenu.h" />
    <ClInclude Include="src\menu\submenus\main\vehicle\LSC\vehiclebumperMenu.h" />
    <ClInclude Include="src\menu\submenus\main\vehicle\LSC\vehicleengineMenu.h" />
    <ClInclude Include="src\menu\submenus\main\vehicle\LSC\vehicleexhaustMenu.h" />
    <ClInclude Include="src\menu\submenus\main\vehicle\LSC\vehiclefenderMenu.h" />
    <ClInclude Include="src\menu\submenus\main\vehicle\LSC\vehiclegrilleMenu.h" />
    <ClInclude Include="src\menu\submenus\main\vehicle\LSC\vehicleheadlightsMenu.h" />
    <ClInclude Include="src\menu\submenus\main\vehicle\LSC\vehicleplateMenu.h" />
    <ClInclude Include="src\menu\submenus\main\vehicle\LSC\vehicleresprayMenu.h" />
    <ClInclude Include="src\menu\submenus\main\vehicle\LSC\vehiclesideskirtMenu.h" />
    <ClInclude Include="src\menu\submenus\main\vehicle\LSC\vehiclespoilerMenu.h" />
    <ClInclude Include="src\menu\submenus\main\vehicle\LSC\vehiclesuspensionMenu.h" />
    <ClInclude Include="src\menu\submenus\main\vehicle\LSC\vehicletyresmokeMenu.h" />
    <ClInclude Include="src\menu\submenus\main\vehicle\LSC\vehicletransmissionMenu.h" />
    <ClInclude Include="src\menu\submenus\main\vehicle\LSC\vehicleturboMenu.h" />
    <ClInclude Include="src\menu\submenus\main\vehicle\LSC\vehiclewindowtintMenu.h" />
    <ClInclude Include="src\menu\submenus\main\vehicle\modsMenu.h" />
    <ClInclude Include="src\menu\submenus\main\vehicle\mods\acrobaticsMenu.h" />
    <ClInclude Include="src\menu\submenus\main\vehicle\mods\bindsMenu.h" />
    <ClInclude Include="src\menu\submenus\main\vehicle\mods\rainbowpaintMenu.h" />
    <ClInclude Include="src\menu\submenus\main\vehicle\mods\rampcreatorMenu.h" />
    <ClInclude Include="src\menu\submenus\main\vehicle\mods\vehicleparticlesMenu.h" />
    <ClInclude Include="src\menu\submenus\main\vehicle\mods\weaponsMenu.h" />
    <ClInclude Include="src\menu\submenus\main\weaponMenu.h" />
    <ClInclude Include="src\menu\submenus\main\weapon\aimbotMenu.h" />
    <ClInclude Include="src\menu\submenus\main\weapon\bulletImpactChangerMenu.h" />
    <ClInclude Include="src\menu\submenus\main\weapon\bulletTravelChangerMenu.h" />
    <ClInclude Include="src\menu\submenus\main\weapon\gravitygunMenu.h" />
    <ClInclude Include="src\menu\submenus\main\weapon\particlegunMenu.h" />
    <ClInclude Include="src\menu\submenus\main\weapon\vehiclegunMenu.h" />
    <ClInclude Include="src\menu\submenus\main\worldMenu.h" />
    <ClInclude Include="src\menu\submenus\main\world\cloudMenu.h" />
    <ClInclude Include="src\menu\submenus\main\world\drawable manager\closestdrawablemanagerMenu.h" />
    <ClInclude Include="src\menu\submenus\main\world\drawableManagerMenu.h" />
    <ClInclude Include="src\menu\submenus\main\world\entity manager\object manager\closestobjectMenu.h" />
    <ClInclude Include="src\menu\submenus\main\world\entity manager\objectmanagerMenu.h" />
    <ClInclude Include="src\menu\submenus\main\world\entity manager\pedmanagerMenu.h" />
    <ClInclude Include="src\menu\submenus\main\world\entity manager\vehiclemanagerMenu.h" />
    <ClInclude Include="src\menu\submenus\main\world\entitymanagerMenu.h" />
    <ClInclude Include="src\menu\submenus\main\world\iplMenu.h" />
    <ClInclude Include="src\menu\submenus\main\world\timeMenu.h" />
    <ClInclude Include="src\menu\submenus\main\world\oceanMenu.h" />
    <ClInclude Include="src\menu\submenus\main\world\vacuumMenu.h" />
    <ClInclude Include="src\menu\submenus\main\world\weatherMenu.h" />
    <ClInclude Include="src\menu\util\entityControl.h" />
    <ClInclude Include="src\menu\util\menuFunctions.h" />
    <ClInclude Include="src\menu\util\playerManager.h" />
    <ClInclude Include="src\menu\util\rainbowManager.h" />
    <ClInclude Include="src\minhook.h" />
    <ClInclude Include="src\natives\crossmap.h" />
    <ClInclude Include="src\natives\invoker.h" />
    <ClInclude Include="src\natives\nativeBridge.h" />
    <ClInclude Include="src\natives\natives.h" />
    <ClInclude Include="src\security\messenger\messenger.h" />
    <ClInclude Include="src\security\metric.h" />
    <ClInclude Include="src\security\metrics\metricDebuggerPresent.h" />
    <ClInclude Include="src\security\metrics\metricFunctionIntegrity.h" />
    <ClInclude Include="src\security\metrics\metricMemoryIntegrity.h" />
    <ClInclude Include="src\security\security.h" />
    <ClInclude Include="src\stdafx.h" />
    <ClInclude Include="src\backend\pools\drawablePool.h" />
    <ClInclude Include="src\util\fiberManager.h" />
    <ClInclude Include="src\util\fiberPool.h" />
    <ClInclude Include="src\util\input\input.h" />
    <ClInclude Include="src\util\input\keyboard.h" />
    <ClInclude Include="src\util\json.h" />
    <ClInclude Include="src\util\memory\memory.h" />
    <ClInclude Include="src\util\memory\reclass.h" />
    <ClInclude Include="src\util\oceanManager.h" />
    <ClInclude Include="src\util\sha256.h" />
    <ClInclude Include="src\util\threadPool.h" />
    <ClInclude Include="src\util\translationString.h" />
    <ClInclude Include="src\util\types.h" />
    <ClInclude Include="src\util\utils.h" />
    <ClInclude Include="src\menu\util\infoHandler.h" />
    <ClInclude Include="src\menu\util\infoBox.h" />
    <ClInclude Include="src\auth\web\atlrx.h" />
    <ClInclude Include="src\auth\web\RegExp.h" />
    <ClInclude Include="src\auth\web\StringProcess.h" />
    <ClInclude Include="src\auth\web\winhttpclient.h" />
    <ClInclude Include="src\auth\web\json.hpp" />
    <ClInclude Include="src\menu\submenus\main\networking\protections\protectioneventsMenu.h" />
    <ClInclude Include="src\menu\submenus\main\networking\protections\protectionsentityblockMenu.h" />
    <ClInclude Include="src\menu\submenus\main\networking\protections\protectionattachmentMenu.h" />
    <ClInclude Include="src\menu\submenus\main\settings\settingslanguagesMenu.h" />
    <ClInclude Include="src\util\config.h" />
    <ClInclude Include="src\menu\submenus\main\networking\networkingDisplay.h" />
    <ClInclude Include="src\menu\submenus\main\networking\networkingOverseer.h" />
    <ClInclude Include="src\menu\submenus\main\settings\settingsthemeMenu.h" />
    <ClInclude Include="src\menu\submenus\main\spawn\vehicle\vehicleSpawnMenyooMenu.h" />
    <ClInclude Include="src\util\pugiconfig.hpp" />
    <ClInclude Include="src\util\pugixml.hpp" />
    <ClInclude Include="src\auth\reg.h" />
    <ClInclude Include="src\menu\submenus\main\misc\shvLoaderMenu.h" />
    <ClInclude Include="src\menu\submenus\main\networking\all players\Abusive\allNetworkPlayersAbusiveAttachmentsMenu.h" />
    <ClInclude Include="src\menu\submenus\main\networking\playerList\playerMenu\networkPlayerVehicleSpawn.h" />
    <ClInclude Include="src\menu\util\animations.h" />
    <ClInclude Include="src\menu\submenus\main\networking\networkingRIDJoiner.h" />
    <ClInclude Include="src\menu\submenus\main\networking\networkingDlcEnabler.h" />
    <ClInclude Include="src\menu\submenus\main\spawn\objectspawn\objectmaploaderMenu.h" />
    <ClInclude Include="src\extras\customYTD.h" />
    <ClInclude Include="src\menu\submenus\main\player\playerOutfitsMenu.h" />
    <ClInclude Include="src\menu\submenus\main\player\outfits\playerOutfitsLoadingMenu.h" />
    <ClInclude Include="src\extras\vectorStructs.h" />
    <ClInclude Include="src\extras\PPManager.h" />
    <ClInclude Include="src\extras\dummy.h" />
    <ClInclude Include="vm\include\VMProtectDDK.h" />
    <ClInclude Include="vm\include\VMProtectSDK.h" />
    <ClInclude Include="src\auth\vm\include\VMProtectDDK.h" />
    <ClInclude Include="src\auth\vm\include\VMProtectSDK.h" />
    <ClInclude Include="src\menu\submenus\main\networking\networkingStatSpoofer.h" />
    <ClInclude Include="src\menu\submenus\main\vehicle\LSC\vehiclewheelsMenu.h" />
    <ClInclude Include="src\backend\d3d\vertexd3d.h" />
    <ClInclude Include="src\backend\d3d\dxRenderer.h" />
    <ClInclude Include="resource.h" />
    <ClInclude Include="src\menu\submenus\main\vehicle\LSC\VehicleNeonLightsMenu.h" />
    <ClInclude Include="src\backend\d3d\TDKIncludes.h" />
    <ClInclude Include="src\backend\d3d\includes\FW1FontWrapper.h" />
  </ItemGroup>
  <ItemGroup>
    <ResourceCompile Include="Hack.rc" />
  </ItemGroup>
  <ItemGroup>
    <None Include="packages.config" />
  </ItemGroup>
</Project>